// !$*UTF8*$!
{
	archiveVersion = 1;
	classes = {
	};
	objectVersion = 56;
	objects = {

/* Begin PBXBuildFile section */
		1836C11D29BDE7310037C066 /* AppDelegate.m in Sources */ = {isa = PBXBuildFile; fileRef = 1836C11C29BDE7310037C066 /* AppDelegate.m */; };
		1836C12029BDE7310037C066 /* SceneDelegate.m in Sources */ = {isa = PBXBuildFile; fileRef = 1836C11F29BDE7310037C066 /* SceneDelegate.m */; };
		1836C12329BDE7310037C066 /* ViewController.m in Sources */ = {isa = PBXBuildFile; fileRef = 1836C12229BDE7310037C066 /* ViewController.m */; };
		1836C12629BDE7310037C066 /* Main.storyboard in Resources */ = {isa = PBXBuildFile; fileRef = 1836C12429BDE7310037C066 /* Main.storyboard */; };
		1836C12829BDE7360037C066 /* Assets.xcassets in Resources */ = {isa = PBXBuildFile; fileRef = 1836C12729BDE7360037C066 /* Assets.xcassets */; };
		1836C12B29BDE7360037C066 /* LaunchScreen.storyboard in Resources */ = {isa = PBXBuildFile; fileRef = 1836C12929BDE7360037C066 /* LaunchScreen.storyboard */; };
		1836C12E29BDE7360037C066 /* main.m in Sources */ = {isa = PBXBuildFile; fileRef = 1836C12D29BDE7360037C066 /* main.m */; };
		1836C13829BDE7370037C066 /* SwiftBasics_CTests.m in Sources */ = {isa = PBXBuildFile; fileRef = 1836C13729BDE7370037C066 /* SwiftBasics_CTests.m */; };
		1836C14229BDE7370037C066 /* SwiftBasics_CUITests.m in Sources */ = {isa = PBXBuildFile; fileRef = 1836C14129BDE7370037C066 /* SwiftBasics_CUITests.m */; };
		1836C14429BDE7370037C066 /* SwiftBasics_CUITestsLaunchTests.m in Sources */ = {isa = PBXBuildFile; fileRef = 1836C14329BDE7370037C066 /* SwiftBasics_CUITestsLaunchTests.m */; };
/* End PBXBuildFile section */

/* Begin PBXContainerItemProxy section */
		1836C13429BDE7370037C066 /* PBXContainerItemProxy */ = {
			isa = PBXContainerItemProxy;
			containerPortal = 1836C11029BDE7310037C066 /* Project object */;
			proxyType = 1;
			remoteGlobalIDString = 1836C11729BDE7310037C066;
			remoteInfo = "SwiftBasics C";
		};
		1836C13E29BDE7370037C066 /* PBXContainerItemProxy */ = {
			isa = PBXContainerItemProxy;
			containerPortal = 1836C11029BDE7310037C066 /* Project object */;
			proxyType = 1;
			remoteGlobalIDString = 1836C11729BDE7310037C066;
			remoteInfo = "SwiftBasics C";
		};
/* End PBXContainerItemProxy section */

/* Begin PBXFileReference section */
		1836C11829BDE7310037C066 /* SwiftBasics C.app */ = {isa = PBXFileReference; explicitFileType = wrapper.application; includeInIndex = 0; path = "SwiftBasics C.app"; sourceTree = BUILT_PRODUCTS_DIR; };
		1836C11B29BDE7310037C066 /* AppDelegate.h */ = {isa = PBXFileReference; lastKnownFileType = sourcecode.c.h; path = AppDelegate.h; sourceTree = "<group>"; };
		1836C11C29BDE7310037C066 /* AppDelegate.m */ = {isa = PBXFileReference; lastKnownFileType = sourcecode.c.objc; path = AppDelegate.m; sourceTree = "<group>"; };
		1836C11E29BDE7310037C066 /* SceneDelegate.h */ = {isa = PBXFileReference; lastKnownFileType = sourcecode.c.h; path = SceneDelegate.h; sourceTree = "<group>"; };
		1836C11F29BDE7310037C066 /* SceneDelegate.m */ = {isa = PBXFileReference; lastKnownFileType = sourcecode.c.objc; path = SceneDelegate.m; sourceTree = "<group>"; };
		1836C12129BDE7310037C066 /* ViewController.h */ = {isa = PBXFileReference; lastKnownFileType = sourcecode.c.h; path = ViewController.h; sourceTree = "<group>"; };
		1836C12229BDE7310037C066 /* ViewController.m */ = {isa = PBXFileReference; lastKnownFileType = sourcecode.c.objc; path = ViewController.m; sourceTree = "<group>"; };
		1836C12529BDE7310037C066 /* Base */ = {isa = PBXFileReference; lastKnownFileType = file.storyboard; name = Base; path = Base.lproj/Main.storyboard; sourceTree = "<group>"; };
		1836C12729BDE7360037C066 /* Assets.xcassets */ = {isa = PBXFileReference; lastKnownFileType = folder.assetcatalog; path = Assets.xcassets; sourceTree = "<group>"; };
		1836C12A29BDE7360037C066 /* Base */ = {isa = PBXFileReference; lastKnownFileType = file.storyboard; name = Base; path = Base.lproj/LaunchScreen.storyboard; sourceTree = "<group>"; };
		1836C12C29BDE7360037C066 /* Info.plist */ = {isa = PBXFileReference; lastKnownFileType = text.plist.xml; path = Info.plist; sourceTree = "<group>"; };
		1836C12D29BDE7360037C066 /* main.m */ = {isa = PBXFileReference; lastKnownFileType = sourcecode.c.objc; path = main.m; sourceTree = "<group>"; };
		1836C13329BDE7370037C066 /* SwiftBasics CTests.xctest */ = {isa = PBXFileReference; explicitFileType = wrapper.cfbundle; includeInIndex = 0; path = "SwiftBasics CTests.xctest"; sourceTree = BUILT_PRODUCTS_DIR; };
		1836C13729BDE7370037C066 /* SwiftBasics_CTests.m */ = {isa = PBXFileReference; lastKnownFileType = sourcecode.c.objc; path = SwiftBasics_CTests.m; sourceTree = "<group>"; };
		1836C13D29BDE7370037C066 /* SwiftBasics CUITests.xctest */ = {isa = PBXFileReference; explicitFileType = wrapper.cfbundle; includeInIndex = 0; path = "SwiftBasics CUITests.xctest"; sourceTree = BUILT_PRODUCTS_DIR; };
		1836C14129BDE7370037C066 /* SwiftBasics_CUITests.m */ = {isa = PBXFileReference; lastKnownFileType = sourcecode.c.objc; path = SwiftBasics_CUITests.m; sourceTree = "<group>"; };
		1836C14329BDE7370037C066 /* SwiftBasics_CUITestsLaunchTests.m */ = {isa = PBXFileReference; lastKnownFileType = sourcecode.c.objc; path = SwiftBasics_CUITestsLaunchTests.m; sourceTree = "<group>"; };
/* End PBXFileReference section */

/* Begin PBXFrameworksBuildPhase section */
		1836C11529BDE7310037C066 /* Frameworks */ = {
			isa = PBXFrameworksBuildPhase;
			buildActionMask = 2147483647;
			files = (
			);
			runOnlyForDeploymentPostprocessing = 0;
		};
		1836C13029BDE7370037C066 /* Frameworks */ = {
			isa = PBXFrameworksBuildPhase;
			buildActionMask = 2147483647;
			files = (
			);
			runOnlyForDeploymentPostprocessing = 0;
		};
		1836C13A29BDE7370037C066 /* Frameworks */ = {
			isa = PBXFrameworksBuildPhase;
			buildActionMask = 2147483647;
			files = (
			);
			runOnlyForDeploymentPostprocessing = 0;
		};
/* End PBXFrameworksBuildPhase section */

/* Begin PBXGroup section */
		1836C10F29BDE7310037C066 = {
			isa = PBXGroup;
			children = (
				1836C11A29BDE7310037C066 /* SwiftBasics C */,
				1836C13629BDE7370037C066 /* SwiftBasics CTests */,
				1836C14029BDE7370037C066 /* SwiftBasics CUITests */,
				1836C11929BDE7310037C066 /* Products */,
			);
			sourceTree = "<group>";
		};
		1836C11929BDE7310037C066 /* Products */ = {
			isa = PBXGroup;
			children = (
				1836C11829BDE7310037C066 /* SwiftBasics C.app */,
				1836C13329BDE7370037C066 /* SwiftBasics CTests.xctest */,
				1836C13D29BDE7370037C066 /* SwiftBasics CUITests.xctest */,
			);
			name = Products;
			sourceTree = "<group>";
		};
		1836C11A29BDE7310037C066 /* SwiftBasics C */ = {
			isa = PBXGroup;
			children = (
				1836C11B29BDE7310037C066 /* AppDelegate.h */,
				1836C11C29BDE7310037C066 /* AppDelegate.m */,
				1836C11E29BDE7310037C066 /* SceneDelegate.h */,
				1836C11F29BDE7310037C066 /* SceneDelegate.m */,
				1836C12129BDE7310037C066 /* ViewController.h */,
				1836C12229BDE7310037C066 /* ViewController.m */,
				1836C12429BDE7310037C066 /* Main.storyboard */,
				1836C12729BDE7360037C066 /* Assets.xcassets */,
				1836C12929BDE7360037C066 /* LaunchScreen.storyboard */,
				1836C12C29BDE7360037C066 /* Info.plist */,
				1836C12D29BDE7360037C066 /* main.m */,
			);
			path = "SwiftBasics C";
			sourceTree = "<group>";
		};
		1836C13629BDE7370037C066 /* SwiftBasics CTests */ = {
			isa = PBXGroup;
			children = (
				1836C13729BDE7370037C066 /* SwiftBasics_CTests.m */,
			);
			path = "SwiftBasics CTests";
			sourceTree = "<group>";
		};
		1836C14029BDE7370037C066 /* SwiftBasics CUITests */ = {
			isa = PBXGroup;
			children = (
				1836C14129BDE7370037C066 /* SwiftBasics_CUITests.m */,
				1836C14329BDE7370037C066 /* SwiftBasics_CUITestsLaunchTests.m */,
			);
			path = "SwiftBasics CUITests";
			sourceTree = "<group>";
		};
/* End PBXGroup section */

/* Begin PBXNativeTarget section */
		1836C11729BDE7310037C066 /* SwiftBasics C */ = {
			isa = PBXNativeTarget;
			buildConfigurationList = 1836C14729BDE7370037C066 /* Build configuration list for PBXNativeTarget "SwiftBasics C" */;
			buildPhases = (
				1836C11429BDE7310037C066 /* Sources */,
				1836C11529BDE7310037C066 /* Frameworks */,
				1836C11629BDE7310037C066 /* Resources */,
			);
			buildRules = (
			);
			dependencies = (
			);
			name = "SwiftBasics C";
			productName = "SwiftBasics C";
			productReference = 1836C11829BDE7310037C066 /* SwiftBasics C.app */;
			productType = "com.apple.product-type.application";
		};
		1836C13229BDE7370037C066 /* SwiftBasics CTests */ = {
			isa = PBXNativeTarget;
			buildConfigurationList = 1836C14A29BDE7370037C066 /* Build configuration list for PBXNativeTarget "SwiftBasics CTests" */;
			buildPhases = (
				1836C12F29BDE7370037C066 /* Sources */,
				1836C13029BDE7370037C066 /* Frameworks */,
				1836C13129BDE7370037C066 /* Resources */,
			);
			buildRules = (
			);
			dependencies = (
				1836C13529BDE7370037C066 /* PBXTargetDependency */,
			);
			name = "SwiftBasics CTests";
			productName = "SwiftBasics CTests";
			productReference = 1836C13329BDE7370037C066 /* SwiftBasics CTests.xctest */;
			productType = "com.apple.product-type.bundle.unit-test";
		};
		1836C13C29BDE7370037C066 /* SwiftBasics CUITests */ = {
			isa = PBXNativeTarget;
			buildConfigurationList = 1836C14D29BDE7370037C066 /* Build configuration list for PBXNativeTarget "SwiftBasics CUITests" */;
			buildPhases = (
				1836C13929BDE7370037C066 /* Sources */,
				1836C13A29BDE7370037C066 /* Frameworks */,
				1836C13B29BDE7370037C066 /* Resources */,
			);
			buildRules = (
			);
			dependencies = (
				1836C13F29BDE7370037C066 /* PBXTargetDependency */,
			);
			name = "SwiftBasics CUITests";
			productName = "SwiftBasics CUITests";
			productReference = 1836C13D29BDE7370037C066 /* SwiftBasics CUITests.xctest */;
			productType = "com.apple.product-type.bundle.ui-testing";
		};
/* End PBXNativeTarget section */

/* Begin PBXProject section */
		1836C11029BDE7310037C066 /* Project object */ = {
			isa = PBXProject;
			attributes = {
				BuildIndependentTargetsInParallel = 1;
				LastUpgradeCheck = 1420;
				TargetAttributes = {
					1836C11729BDE7310037C066 = {
						CreatedOnToolsVersion = 14.2;
					};
					1836C13229BDE7370037C066 = {
						CreatedOnToolsVersion = 14.2;
						TestTargetID = 1836C11729BDE7310037C066;
					};
					1836C13C29BDE7370037C066 = {
						CreatedOnToolsVersion = 14.2;
						TestTargetID = 1836C11729BDE7310037C066;
					};
				};
			};
			buildConfigurationList = 1836C11329BDE7310037C066 /* Build configuration list for PBXProject "SwiftBasics C" */;
			compatibilityVersion = "Xcode 14.0";
			developmentRegion = en;
			hasScannedForEncodings = 0;
			knownRegions = (
				en,
				Base,
			);
			mainGroup = 1836C10F29BDE7310037C066;
			productRefGroup = 1836C11929BDE7310037C066 /* Products */;
			projectDirPath = "";
			projectRoot = "";
			targets = (
				1836C11729BDE7310037C066 /* SwiftBasics C */,
				1836C13229BDE7370037C066 /* SwiftBasics CTests */,
				1836C13C29BDE7370037C066 /* SwiftBasics CUITests */,
			);
		};
/* End PBXProject section */

/* Begin PBXResourcesBuildPhase section */
		1836C11629BDE7310037C066 /* Resources */ = {
			isa = PBXResourcesBuildPhase;
			buildActionMask = 2147483647;
			files = (
				1836C12B29BDE7360037C066 /* LaunchScreen.storyboard in Resources */,
				1836C12829BDE7360037C066 /* Assets.xcassets in Resources */,
				1836C12629BDE7310037C066 /* Main.storyboard in Resources */,
			);
			runOnlyForDeploymentPostprocessing = 0;
		};
		1836C13129BDE7370037C066 /* Resources */ = {
			isa = PBXResourcesBuildPhase;
			buildActionMask = 2147483647;
			files = (
			);
			runOnlyForDeploymentPostprocessing = 0;
		};
		1836C13B29BDE7370037C066 /* Resources */ = {
			isa = PBXResourcesBuildPhase;
			buildActionMask = 2147483647;
			files = (
			);
			runOnlyForDeploymentPostprocessing = 0;
		};
/* End PBXResourcesBuildPhase section */

/* Begin PBXSourcesBuildPhase section */
		1836C11429BDE7310037C066 /* Sources */ = {
			isa = PBXSourcesBuildPhase;
			buildActionMask = 2147483647;
			files = (
				1836C12329BDE7310037C066 /* ViewController.m in Sources */,
				1836C11D29BDE7310037C066 /* AppDelegate.m in Sources */,
				1836C12E29BDE7360037C066 /* main.m in Sources */,
				1836C12029BDE7310037C066 /* SceneDelegate.m in Sources */,
			);
			runOnlyForDeploymentPostprocessing = 0;
		};
		1836C12F29BDE7370037C066 /* Sources */ = {
			isa = PBXSourcesBuildPhase;
			buildActionMask = 2147483647;
			files = (
				1836C13829BDE7370037C066 /* SwiftBasics_CTests.m in Sources */,
			);
			runOnlyForDeploymentPostprocessing = 0;
		};
		1836C13929BDE7370037C066 /* Sources */ = {
			isa = PBXSourcesBuildPhase;
			buildActionMask = 2147483647;
			files = (
				1836C14229BDE7370037C066 /* SwiftBasics_CUITests.m in Sources */,
				1836C14429BDE7370037C066 /* SwiftBasics_CUITestsLaunchTests.m in Sources */,
			);
			runOnlyForDeploymentPostprocessing = 0;
		};
/* End PBXSourcesBuildPhase section */

/* Begin PBXTargetDependency section */
		1836C13529BDE7370037C066 /* PBXTargetDependency */ = {
			isa = PBXTargetDependency;
			target = 1836C11729BDE7310037C066 /* SwiftBasics C */;
			targetProxy = 1836C13429BDE7370037C066 /* PBXContainerItemProxy */;
		};
		1836C13F29BDE7370037C066 /* PBXTargetDependency */ = {
			isa = PBXTargetDependency;
			target = 1836C11729BDE7310037C066 /* SwiftBasics C */;
			targetProxy = 1836C13E29BDE7370037C066 /* PBXContainerItemProxy */;
		};
/* End PBXTargetDependency section */

/* Begin PBXVariantGroup section */
		1836C12429BDE7310037C066 /* Main.storyboard */ = {
			isa = PBXVariantGroup;
			children = (
				1836C12529BDE7310037C066 /* Base */,
			);
			name = Main.storyboard;
			sourceTree = "<group>";
		};
		1836C12929BDE7360037C066 /* LaunchScreen.storyboard */ = {
			isa = PBXVariantGroup;
			children = (
				1836C12A29BDE7360037C066 /* Base */,
			);
			name = LaunchScreen.storyboard;
			sourceTree = "<group>";
		};
/* End PBXVariantGroup section */

/* Begin XCBuildConfiguration section */
		1836C14529BDE7370037C066 /* Debug */ = {
			isa = XCBuildConfiguration;
			buildSettings = {
				ALWAYS_SEARCH_USER_PATHS = NO;
				CLANG_ANALYZER_NONNULL = YES;
				CLANG_ANALYZER_NUMBER_OBJECT_CONVERSION = YES_AGGRESSIVE;
				CLANG_CXX_LANGUAGE_STANDARD = "gnu++20";
				CLANG_ENABLE_MODULES = YES;
				CLANG_ENABLE_OBJC_ARC = YES;
				CLANG_ENABLE_OBJC_WEAK = YES;
				CLANG_WARN_BLOCK_CAPTURE_AUTORELEASING = YES;
				CLANG_WARN_BOOL_CONVERSION = YES;
				CLANG_WARN_COMMA = YES;
				CLANG_WARN_CONSTANT_CONVERSION = YES;
				CLANG_WARN_DEPRECATED_OBJC_IMPLEMENTATIONS = YES;
				CLANG_WARN_DIRECT_OBJC_ISA_USAGE = YES_ERROR;
				CLANG_WARN_DOCUMENTATION_COMMENTS = YES;
				CLANG_WARN_EMPTY_BODY = YES;
				CLANG_WARN_ENUM_CONVERSION = YES;
				CLANG_WARN_INFINITE_RECURSION = YES;
				CLANG_WARN_INT_CONVERSION = YES;
				CLANG_WARN_NON_LITERAL_NULL_CONVERSION = YES;
				CLANG_WARN_OBJC_IMPLICIT_RETAIN_SELF = YES;
				CLANG_WARN_OBJC_LITERAL_CONVERSION = YES;
				CLANG_WARN_OBJC_ROOT_CLASS = YES_ERROR;
				CLANG_WARN_QUOTED_INCLUDE_IN_FRAMEWORK_HEADER = YES;
				CLANG_WARN_RANGE_LOOP_ANALYSIS = YES;
				CLANG_WARN_STRICT_PROTOTYPES = YES;
				CLANG_WARN_SUSPICIOUS_MOVE = YES;
				CLANG_WARN_UNGUARDED_AVAILABILITY = YES_AGGRESSIVE;
				CLANG_WARN_UNREACHABLE_CODE = YES;
				CLANG_WARN__DUPLICATE_METHOD_MATCH = YES;
				COPY_PHASE_STRIP = NO;
				DEBUG_INFORMATION_FORMAT = dwarf;
				ENABLE_STRICT_OBJC_MSGSEND = YES;
				ENABLE_TESTABILITY = YES;
				GCC_C_LANGUAGE_STANDARD = gnu11;
				GCC_DYNAMIC_NO_PIC = NO;
				GCC_NO_COMMON_BLOCKS = YES;
				GCC_OPTIMIZATION_LEVEL = 0;
				GCC_PREPROCESSOR_DEFINITIONS = (
					"DEBUG=1",
					"$(inherited)",
				);
				GCC_WARN_64_TO_32_BIT_CONVERSION = YES;
				GCC_WARN_ABOUT_RETURN_TYPE = YES_ERROR;
				GCC_WARN_UNDECLARED_SELECTOR = YES;
				GCC_WARN_UNINITIALIZED_AUTOS = YES_AGGRESSIVE;
				GCC_WARN_UNUSED_FUNCTION = YES;
				GCC_WARN_UNUSED_VARIABLE = YES;
				IPHONEOS_DEPLOYMENT_TARGET = 16.2;
				MTL_ENABLE_DEBUG_INFO = INCLUDE_SOURCE;
				MTL_FAST_MATH = YES;
				ONLY_ACTIVE_ARCH = YES;
				SDKROOT = iphoneos;
			};
			name = Debug;
		};
		1836C14629BDE7370037C066 /* Release */ = {
			isa = XCBuildConfiguration;
			buildSettings = {
				ALWAYS_SEARCH_USER_PATHS = NO;
				CLANG_ANALYZER_NONNULL = YES;
				CLANG_ANALYZER_NUMBER_OBJECT_CONVERSION = YES_AGGRESSIVE;
				CLANG_CXX_LANGUAGE_STANDARD = "gnu++20";
				CLANG_ENABLE_MODULES = YES;
				CLANG_ENABLE_OBJC_ARC = YES;
				CLANG_ENABLE_OBJC_WEAK = YES;
				CLANG_WARN_BLOCK_CAPTURE_AUTORELEASING = YES;
				CLANG_WARN_BOOL_CONVERSION = YES;
				CLANG_WARN_COMMA = YES;
				CLANG_WARN_CONSTANT_CONVERSION = YES;
				CLANG_WARN_DEPRECATED_OBJC_IMPLEMENTATIONS = YES;
				CLANG_WARN_DIRECT_OBJC_ISA_USAGE = YES_ERROR;
				CLANG_WARN_DOCUMENTATION_COMMENTS = YES;
				CLANG_WARN_EMPTY_BODY = YES;
				CLANG_WARN_ENUM_CONVERSION = YES;
				CLANG_WARN_INFINITE_RECURSION = YES;
				CLANG_WARN_INT_CONVERSION = YES;
				CLANG_WARN_NON_LITERAL_NULL_CONVERSION = YES;
				CLANG_WARN_OBJC_IMPLICIT_RETAIN_SELF = YES;
				CLANG_WARN_OBJC_LITERAL_CONVERSION = YES;
				CLANG_WARN_OBJC_ROOT_CLASS = YES_ERROR;
				CLANG_WARN_QUOTED_INCLUDE_IN_FRAMEWORK_HEADER = YES;
				CLANG_WARN_RANGE_LOOP_ANALYSIS = YES;
				CLANG_WARN_STRICT_PROTOTYPES = YES;
				CLANG_WARN_SUSPICIOUS_MOVE = YES;
				CLANG_WARN_UNGUARDED_AVAILABILITY = YES_AGGRESSIVE;
				CLANG_WARN_UNREACHABLE_CODE = YES;
				CLANG_WARN__DUPLICATE_METHOD_MATCH = YES;
				COPY_PHASE_STRIP = NO;
				DEBUG_INFORMATION_FORMAT = "dwarf-with-dsym";
				ENABLE_NS_ASSERTIONS = NO;
				ENABLE_STRICT_OBJC_MSGSEND = YES;
				GCC_C_LANGUAGE_STANDARD = gnu11;
				GCC_NO_COMMON_BLOCKS = YES;
				GCC_WARN_64_TO_32_BIT_CONVERSION = YES;
				GCC_WARN_ABOUT_RETURN_TYPE = YES_ERROR;
				GCC_WARN_UNDECLARED_SELECTOR = YES;
				GCC_WARN_UNINITIALIZED_AUTOS = YES_AGGRESSIVE;
				GCC_WARN_UNUSED_FUNCTION = YES;
				GCC_WARN_UNUSED_VARIABLE = YES;
				IPHONEOS_DEPLOYMENT_TARGET = 16.2;
				MTL_ENABLE_DEBUG_INFO = NO;
				MTL_FAST_MATH = YES;
				SDKROOT = iphoneos;
				VALIDATE_PRODUCT = YES;
			};
			name = Release;
		};
		1836C14829BDE7370037C066 /* Debug */ = {
			isa = XCBuildConfiguration;
			buildSettings = {
				ASSETCATALOG_COMPILER_APPICON_NAME = AppIcon;
				ASSETCATALOG_COMPILER_GLOBAL_ACCENT_COLOR_NAME = AccentColor;
				CODE_SIGN_STYLE = Automatic;
				CURRENT_PROJECT_VERSION = 1;
				GENERATE_INFOPLIST_FILE = YES;
				INFOPLIST_FILE = "SwiftBasics C/Info.plist";
				INFOPLIST_KEY_UIApplicationSupportsIndirectInputEvents = YES;
				INFOPLIST_KEY_UILaunchStoryboardName = LaunchScreen;
				INFOPLIST_KEY_UIMainStoryboardFile = Main;
				INFOPLIST_KEY_UISupportedInterfaceOrientations_iPad = "UIInterfaceOrientationPortrait UIInterfaceOrientationPortraitUpsideDown UIInterfaceOrientationLandscapeLeft UIInterfaceOrientationLandscapeRight";
				INFOPLIST_KEY_UISupportedInterfaceOrientations_iPhone = "UIInterfaceOrientationPortrait UIInterfaceOrientationLandscapeLeft UIInterfaceOrientationLandscapeRight";
				LD_RUNPATH_SEARCH_PATHS = (
					"$(inherited)",
					"@executable_path/Frameworks",
				);
				MARKETING_VERSION = 1.0;
				PRODUCT_BUNDLE_IDENTIFIER = "teams.SwiftBasics-C";
				PRODUCT_NAME = "$(TARGET_NAME)";
				SWIFT_EMIT_LOC_STRINGS = YES;
				TARGETED_DEVICE_FAMILY = "1,2";
			};
			name = Debug;
		};
		1836C14929BDE7370037C066 /* Release */ = {
			isa = XCBuildConfiguration;
			buildSettings = {
				ASSETCATALOG_COMPILER_APPICON_NAME = AppIcon;
				ASSETCATALOG_COMPILER_GLOBAL_ACCENT_COLOR_NAME = AccentColor;
				CODE_SIGN_STYLE = Automatic;
				CURRENT_PROJECT_VERSION = 1;
				GENERATE_INFOPLIST_FILE = YES;
				INFOPLIST_FILE = "SwiftBasics C/Info.plist";
				INFOPLIST_KEY_UIApplicationSupportsIndirectInputEvents = YES;
				INFOPLIST_KEY_UILaunchStoryboardName = LaunchScreen;
				INFOPLIST_KEY_UIMainStoryboardFile = Main;
				INFOPLIST_KEY_UISupportedInterfaceOrientations_iPad = "UIInterfaceOrientationPortrait UIInterfaceOrientationPortraitUpsideDown UIInterfaceOrientationLandscapeLeft UIInterfaceOrientationLandscapeRight";
				INFOPLIST_KEY_UISupportedInterfaceOrientations_iPhone = "UIInterfaceOrientationPortrait UIInterfaceOrientationLandscapeLeft UIInterfaceOrientationLandscapeRight";
				LD_RUNPATH_SEARCH_PATHS = (
					"$(inherited)",
					"@executable_path/Frameworks",
				);
				MARKETING_VERSION = 1.0;
				PRODUCT_BUNDLE_IDENTIFIER = "teams.SwiftBasics-C";
				PRODUCT_NAME = "$(TARGET_NAME)";
				SWIFT_EMIT_LOC_STRINGS = YES;
				TARGETED_DEVICE_FAMILY = "1,2";
			};
			name = Release;
		};
		1836C14B29BDE7370037C066 /* Debug */ = {
			isa = XCBuildConfiguration;
			buildSettings = {
				BUNDLE_LOADER = "$(TEST_HOST)";
				CODE_SIGN_STYLE = Automatic;
				CURRENT_PROJECT_VERSION = 1;
				GENERATE_INFOPLIST_FILE = YES;
				IPHONEOS_DEPLOYMENT_TARGET = 16.2;
				MARKETING_VERSION = 1.0;
				PRODUCT_BUNDLE_IDENTIFIER = "teams.SwiftBasics-CTests";
				PRODUCT_NAME = "$(TARGET_NAME)";
				SWIFT_EMIT_LOC_STRINGS = NO;
				TARGETED_DEVICE_FAMILY = "1,2";
				TEST_HOST = "$(BUILT_PRODUCTS_DIR)/SwiftBasics C.app/$(BUNDLE_EXECUTABLE_FOLDER_PATH)/SwiftBasics C";
			};
			name = Debug;
		};
		1836C14C29BDE7370037C066 /* Release */ = {
			isa = XCBuildConfiguration;
			buildSettings = {
				BUNDLE_LOADER = "$(TEST_HOST)";
				CODE_SIGN_STYLE = Automatic;
				CURRENT_PROJECT_VERSION = 1;
				GENERATE_INFOPLIST_FILE = YES;
				IPHONEOS_DEPLOYMENT_TARGET = 16.2;
				MARKETING_VERSION = 1.0;
				PRODUCT_BUNDLE_IDENTIFIER = "teams.SwiftBasics-CTests";
				PRODUCT_NAME = "$(TARGET_NAME)";
				SWIFT_EMIT_LOC_STRINGS = NO;
				TARGETED_DEVICE_FAMILY = "1,2";
				TEST_HOST = "$(BUILT_PRODUCTS_DIR)/SwiftBasics C.app/$(BUNDLE_EXECUTABLE_FOLDER_PATH)/SwiftBasics C";
			};
			name = Release;
		};
		1836C14E29BDE7370037C066 /* Debug */ = {
			isa = XCBuildConfiguration;
			buildSettings = {
				CODE_SIGN_STYLE = Automatic;
				CURRENT_PROJECT_VERSION = 1;
				GENERATE_INFOPLIST_FILE = YES;
				MARKETING_VERSION = 1.0;
				PRODUCT_BUNDLE_IDENTIFIER = "teams.SwiftBasics-CUITests";
				PRODUCT_NAME = "$(TARGET_NAME)";
				SWIFT_EMIT_LOC_STRINGS = NO;
				TARGETED_DEVICE_FAMILY = "1,2";
				TEST_TARGET_NAME = "SwiftBasics C";
			};
			name = Debug;
		};
		1836C14F29BDE7370037C066 /* Release */ = {
			isa = XCBuildConfiguration;
			buildSettings = {
				CODE_SIGN_STYLE = Automatic;
				CURRENT_PROJECT_VERSION = 1;
				GENERATE_INFOPLIST_FILE = YES;
				MARKETING_VERSION = 1.0;
				PRODUCT_BUNDLE_IDENTIFIER = "teams.SwiftBasics-CUITests";
				PRODUCT_NAME = "$(TARGET_NAME)";
				SWIFT_EMIT_LOC_STRINGS = NO;
				TARGETED_DEVICE_FAMILY = "1,2";
				TEST_TARGET_NAME = "SwiftBasics C";
			};
			name = Release;
		};
/* End XCBuildConfiguration section */

/* Begin XCConfigurationList section */
		1836C11329BDE7310037C066 /* Build configuration list for PBXProject "SwiftBasics C" */ = {
			isa = XCConfigurationList;
			buildConfigurations = (
				1836C14529BDE7370037C066 /* Debug */,
				1836C14629BDE7370037C066 /* Release */,
			);
			defaultConfigurationIsVisible = 0;
			defaultConfigurationName = Release;
		};
		1836C14729BDE7370037C066 /* Build configuration list for PBXNativeTarget "SwiftBasics C" */ = {
			isa = XCConfigurationList;
			buildConfigurations = (
				1836C14829BDE7370037C066 /* Debug */,
				1836C14929BDE7370037C066 /* Release */,
			);
			defaultConfigurationIsVisible = 0;
			defaultConfigurationName = Release;
		};
		1836C14A29BDE7370037C066 /* Build configuration list for PBXNativeTarget "SwiftBasics CTests" */ = {
			isa = XCConfigurationList;
			buildConfigurations = (
				1836C14B29BDE7370037C066 /* Debug */,
				1836C14C29BDE7370037C066 /* Release */,
			);
			defaultConfigurationIsVisible = 0;
			defaultConfigurationName = Release;
		};
		1836C14D29BDE7370037C066 /* Build configuration list for PBXNativeTarget "SwiftBasics CUITests" */ = {
			isa = XCConfigurationList;
			buildConfigurations = (
				1836C14E29BDE7370037C066 /* Debug */,
				1836C14F29BDE7370037C066 /* Release */,
			);
			defaultConfigurationIsVisible = 0;
			defaultConfigurationName = Release;
		};
/* End XCConfigurationList section */
	};
	rootObject = 1836C11029BDE7310037C066 /* Project object */;
}
